<?xml version="1.0" encoding="utf-8"?>
<Project ToolsVersion="4.0" xmlns="http://schemas.microsoft.com/developer/msbuild/2003">
  <ItemGroup>
    <Filter Include="Sources">
      <UniqueIdentifier>{4FC737F1-C7A5-4376-A066-2A32D752A2FF}</UniqueIdentifier>
      <Extensions>cpp;c;cc;cxx;c++;cppm;ixx;def;odl;idl;hpj;bat;asm;asmx</Extensions>
    </Filter>
  </ItemGroup>
  <ItemGroup>
    <ClCompile Include="GameMain.cpp">
      <Filter>Sources</Filter>
    </ClCompile>
    <ClCompile Include="Game.cpp">
      <Filter>Sources</Filter>
    </ClCompile>
    <ClCompile Include="GameStatePlaying.cpp">
      <Filter>Sources</Filter>
    </ClCompile>
    <ClCompile Include="GameStateGameOver.cpp">
      <Filter>Sources</Filter>
    </ClCompile>
    <ClCompile Include="GameStatePauseMenu.cpp">
      <Filter>Sources</Filter>
    </ClCompile>
    <ClCompile Include="GameStateMainMenu.cpp">
      <Filter>Sources</Filter>
    </ClCompile>
    <ClCompile Include="Menu.cpp">
      <Filter>Sources</Filter>
    </ClCompile>
    <ClCompile Include="GameStateRecords.cpp">
      <Filter>Sources</Filter>
    </ClCompile>
    <ClCompile Include="Sprite.cpp">
      <Filter>Sources</Filter>
    </ClCompile>
    <ClCompile Include="Text.cpp">
      <Filter>Sources</Filter>
    </ClCompile>
    <ClCompile Include="Snake.cpp">
      <Filter>Sources</Filter>
    </ClCompile>
    <ClCompile Include="Application.cpp">
      <Filter>Sources</Filter>
    </ClCompile>
  </ItemGroup>
  <ItemGroup>
    <ClInclude Include="Game.h">
      <Filter>Sources</Filter>
    </ClInclude>
    <ClInclude Include="GameSettings.h">
      <Filter>Sources</Filter>
    </ClInclude>
    <ClInclude Include="GameStatePlaying.h">
      <Filter>Sources</Filter>
    </ClInclude>
    <ClInclude Include="GameStateGameOver.h">
      <Filter>Sources</Filter>
    </ClInclude>
    <ClInclude Include="GameStatePauseMenu.h">
      <Filter>Sources</Filter>
    </ClInclude>
    <ClInclude Include="GameStateMainMenu.h">
      <Filter>Sources</Filter>
    </ClInclude>
    <ClInclude Include="Menu.h">
      <Filter>Sources</Filter>
    </ClInclude>
    <ClInclude Include="GameStateRecords.h">
      <Filter>Sources</Filter>
    </ClInclude>
    <ClInclude Include="Vector.h" />
    <ClInclude Include="Sprite.h" />
    <ClInclude Include="Text.h" />
    <ClInclude Include="Snake.h" />
    <ClInclude Include="Application.h" />
  </ItemGroup>
</Project>